<?xml version="1.0" encoding="utf-8"?>
<Project ToolsVersion="4.0" xmlns="http://schemas.microsoft.com/developer/msbuild/2003">
  <ItemGroup>
    <Filter Include="소스 파일">
      <UniqueIdentifier>{4FC737F1-C7A5-4376-A066-2A32D752A2FF}</UniqueIdentifier>
      <Extensions>cpp;c;cc;cxx;def;odl;idl;hpj;bat;asm;asmx</Extensions>
    </Filter>
    <Filter Include="헤더 파일">
      <UniqueIdentifier>{93995380-89BD-4b04-88EB-625FBE52EBFB}</UniqueIdentifier>
      <Extensions>h;hh;hpp;hxx;hm;inl;inc;ipp;xsd</Extensions>
    </Filter>
    <Filter Include="리소스 파일">
      <UniqueIdentifier>{67DA6AB6-F800-4c08-8B7A-83BB121AAD01}</UniqueIdentifier>
      <Extensions>rc;ico;cur;bmp;dlg;rc2;rct;bin;rgs;gif;jpg;jpeg;jpe;resx;tiff;tif;png;wav;mfcribbon-ms</Extensions>
    </Filter>
  </ItemGroup>
  <ItemGroup>
    <ClCompile Include="baek1927(heap).cpp">
      <Filter>소스 파일</Filter>
    </ClCompile>
    <ClCompile Include="baek11286(heap).cpp">
      <Filter>소스 파일</Filter>
    </ClCompile>
    <ClCompile Include="baek15650%28backtracking%29.cpp">
      <Filter>소스 파일</Filter>
    </ClCompile>
    <ClCompile Include="baek15651%28backtracking%29.cpp">
      <Filter>소스 파일</Filter>
    </ClCompile>
    <ClCompile Include="baek15652(backtracking).cpp">
      <Filter>소스 파일</Filter>
    </ClCompile>
    <ClCompile Include="baek9663(backtracking).cpp">
      <Filter>소스 파일</Filter>
    </ClCompile>
    <ClCompile Include="baek2580(backtracking).cpp">
      <Filter>소스 파일</Filter>
    </ClCompile>
    <ClCompile Include="baek14888(backtracking).cpp">
      <Filter>소스 파일</Filter>
    </ClCompile>
    <ClCompile Include="baek14889(backtracking).cpp">
      <Filter>소스 파일</Filter>
    </ClCompile>
    <ClCompile Include="baek1002(geometry).cpp">
      <Filter>소스 파일</Filter>
    </ClCompile>
    <ClCompile Include="baek7576(BFS).cpp">
      <Filter>소스 파일</Filter>
    </ClCompile>
    <ClCompile Include="baek1629(divide_conquer).cpp">
      <Filter>소스 파일</Filter>
    </ClCompile>
    <ClCompile Include="baek11051(dp).cpp">
      <Filter>소스 파일</Filter>
    </ClCompile>
    <ClCompile Include="baek9613(math).cpp">
      <Filter>소스 파일</Filter>
    </ClCompile>
    <ClCompile Include="baek2309(bf).cpp">
      <Filter>소스 파일</Filter>
    </ClCompile>
    <ClCompile Include="실패_baek13460%28samsung_sw%29.cpp">
      <Filter>소스 파일</Filter>
    </ClCompile>
    <ClCompile Include="실패_baek13460%28bfs%29.cpp">
      <Filter>소스 파일</Filter>
    </ClCompile>
    <ClCompile Include="baek14501.cpp">
      <Filter>소스 파일</Filter>
    </ClCompile>
    <ClCompile Include="baek14502.cpp">
      <Filter>소스 파일</Filter>
    </ClCompile>
    <ClCompile Include="baek13458.cpp">
      <Filter>소스 파일</Filter>
    </ClCompile>
    <ClCompile Include="baek14503.cpp">
      <Filter>소스 파일</Filter>
    </ClCompile>
    <ClCompile Include="baek14500.cpp">
      <Filter>소스 파일</Filter>
    </ClCompile>
    <ClCompile Include="baek14499.cpp">
      <Filter>소스 파일</Filter>
    </ClCompile>
    <ClCompile Include="baek15686.cpp">
      <Filter>소스 파일</Filter>
    </ClCompile>
    <ClCompile Include="baek3190.cpp">
      <Filter>소스 파일</Filter>
    </ClCompile>
    <ClCompile Include="baek14891.cpp">
      <Filter>소스 파일</Filter>
    </ClCompile>
    <ClCompile Include="실패_baek12100.cpp">
      <Filter>소스 파일</Filter>
    </ClCompile>
    <ClCompile Include="baek2981(math).cpp">
      <Filter>소스 파일</Filter>
    </ClCompile>
    <ClCompile Include="baek9375(math).cpp">
      <Filter>소스 파일</Filter>
    </ClCompile>
    <ClCompile Include="baek7569(bfs).cpp">
      <Filter>소스 파일</Filter>
    </ClCompile>
    <ClCompile Include="baek1697(bfs).cpp">
      <Filter>소스 파일</Filter>
    </ClCompile>
    <ClCompile Include="baek12100.cpp">
      <Filter>소스 파일</Filter>
    </ClCompile>
    <ClCompile Include="baek12100(dfs).cpp">
      <Filter>소스 파일</Filter>
    </ClCompile>
    <ClCompile Include="baek2206(bfs).cpp">
      <Filter>소스 파일</Filter>
    </ClCompile>
    <ClCompile Include="baek2740.cpp">
      <Filter>소스 파일</Filter>
    </ClCompile>
    <ClCompile Include="실패_baek13460.cpp">
      <Filter>소스 파일</Filter>
    </ClCompile>
    <ClCompile Include="baek14890.cpp">
      <Filter>소스 파일</Filter>
    </ClCompile>
    <ClCompile Include="baek1107.cpp">
      <Filter>소스 파일</Filter>
    </ClCompile>
    <ClCompile Include="baek1158(queue).cpp">
      <Filter>소스 파일</Filter>
    </ClCompile>
    <ClCompile Include="baek1309(dp).cpp">
      <Filter>소스 파일</Filter>
    </ClCompile>
    <ClCompile Include="baek1406.cpp">
      <Filter>소스 파일</Filter>
    </ClCompile>
    <ClCompile Include="baek1476.cpp">
      <Filter>소스 파일</Filter>
    </ClCompile>
    <ClCompile Include="baek1699(dp).cpp">
      <Filter>소스 파일</Filter>
    </ClCompile>
    <ClCompile Include="baek1748.cpp">
      <Filter>소스 파일</Filter>
    </ClCompile>
    <ClCompile Include="baek1912(dp).cpp">
      <Filter>소스 파일</Filter>
    </ClCompile>
    <ClCompile Include="실패_baek1935.cpp">
      <Filter>소스 파일</Filter>
    </ClCompile>
    <ClCompile Include="baek1935.cpp">
      <Filter>소스 파일</Filter>
    </ClCompile>
    <ClCompile Include="baek2193.cpp">
      <Filter>소스 파일</Filter>
    </ClCompile>
    <ClCompile Include="baek2225.cpp">
      <Filter>소스 파일</Filter>
    </ClCompile>
    <ClCompile Include="baek6064.cpp">
      <Filter>소스 파일</Filter>
    </ClCompile>
    <ClCompile Include="baek15683.cpp">
      <Filter>소스 파일</Filter>
    </ClCompile>
    <ClCompile Include="baek9095.cpp">
      <Filter>소스 파일</Filter>
    </ClCompile>
    <ClCompile Include="baek16236.cpp">
      <Filter>소스 파일</Filter>
    </ClCompile>
    <ClCompile Include="baek1717.cpp">
      <Filter>소스 파일</Filter>
    </ClCompile>
    <ClCompile Include="baek4195.cpp">
      <Filter>소스 파일</Filter>
    </ClCompile>
    <ClCompile Include="실패_PG_자물쇠와 열쇠.cpp">
      <Filter>소스 파일</Filter>
    </ClCompile>
    <ClCompile Include="단편코드1(배열회전).cpp">
      <Filter>소스 파일</Filter>
    </ClCompile>
    <ClCompile Include="tree.cpp">
      <Filter>소스 파일</Filter>
    </ClCompile>
    <ClCompile Include="baek11725.cpp">
      <Filter>소스 파일</Filter>
    </ClCompile>
    <ClCompile Include="소스.cpp">
      <Filter>소스 파일</Filter>
    </ClCompile>
    <ClCompile Include="baek11399_ATM(Greedy).cpp">
      <Filter>소스 파일</Filter>
    </ClCompile>
    <ClCompile Include="baek4963_섬의 개수(Graph).cpp">
      <Filter>소스 파일</Filter>
    </ClCompile>
    <ClCompile Include="소스1.cpp">
      <Filter>소스 파일</Filter>
    </ClCompile>
    <ClCompile Include="소스2.cpp">
      <Filter>소스 파일</Filter>
    </ClCompile>
    <ClCompile Include="baek1010(다리 놓기).cpp">
      <Filter>소스 파일</Filter>
    </ClCompile>
    <ClCompile Include="baek10953(A+B-6).cpp">
      <Filter>소스 파일</Filter>
    </ClCompile>
    <ClCompile Include="baek9251(LCS).cpp">
      <Filter>소스 파일</Filter>
    </ClCompile>
    <ClCompile Include="baek10797(10부제).cpp">
      <Filter>소스 파일</Filter>
    </ClCompile>
    <ClCompile Include="baek1259(팰린드롬수).cpp">
      <Filter>소스 파일</Filter>
    </ClCompile>
    <ClCompile Include="실패_baek6549%28히스토그램에서 가장 큰 직사각형%29.cpp">
      <Filter>소스 파일</Filter>
    </ClCompile>
    <ClCompile Include="소스3.cpp">
      <Filter>소스 파일</Filter>
    </ClCompile>
    <ClCompile Include="소스4.cpp">
      <Filter>소스 파일</Filter>
    </ClCompile>
    <ClCompile Include="소스5.cpp">
      <Filter>소스 파일</Filter>
    </ClCompile>
    <ClCompile Include="baek10816(숫자카드2).cpp">
      <Filter>소스 파일</Filter>
    </ClCompile>
    <ClCompile Include="baek2444(별찍기-7).cpp">
      <Filter>소스 파일</Filter>
    </ClCompile>
    <ClCompile Include="baek2805(나무자르기).cpp">
      <Filter>소스 파일</Filter>
    </ClCompile>
    <ClCompile Include="baek12865(평범한배낭).cpp">
      <Filter>소스 파일</Filter>
    </ClCompile>
    <ClCompile Include="baek2845%28파티가끝나고난뒤%29.cpp">
      <Filter>소스 파일</Filter>
    </ClCompile>
    <ClCompile Include="baek8370(Plane).cpp">
      <Filter>소스 파일</Filter>
    </ClCompile>
    <ClCompile Include="보류_baek1541%28잃어버린괄호%29.cpp">
      <Filter>소스 파일</Filter>
    </ClCompile>
    <ClCompile Include="baek1753(최단경로).cpp">
      <Filter>소스 파일</Filter>
    </ClCompile>
    <ClCompile Include="소스6.cpp">
      <Filter>소스 파일</Filter>
    </ClCompile>
    <ClCompile Include="baek2525(오븐시계).cpp">
      <Filter>소스 파일</Filter>
    </ClCompile>
    <ClCompile Include="baek2752(세수정렬).cpp">
      <Filter>소스 파일</Filter>
    </ClCompile>
    <ClCompile Include="baek1654(랜선자르기).cpp">
      <Filter>소스 파일</Filter>
    </ClCompile>
    <ClCompile Include="baek2442(별찍기-5).cpp">
      <Filter>소스 파일</Filter>
    </ClCompile>
    <ClCompile Include="baek2743(단어길이재기).cpp">
      <Filter>소스 파일</Filter>
    </ClCompile>
    <ClCompile Include="baek1300%28K번째수%29.cpp">
      <Filter>소스 파일</Filter>
    </ClCompile>
    <ClCompile Include="baek15829%28Hashing%29.cpp">
      <Filter>소스 파일</Filter>
    </ClCompile>
    <ClCompile Include="baek18111(마인크래프트).cpp">
      <Filter>소스 파일</Filter>
    </ClCompile>
    <ClCompile Include="baek1931(회의실배정).cpp">
      <Filter>소스 파일</Filter>
    </ClCompile>
    <ClCompile Include="baek11726(타일링).cpp">
      <Filter>소스 파일</Filter>
    </ClCompile>
    <ClCompile Include="baek11401(이항계수3).cpp">
      <Filter>소스 파일</Filter>
    </ClCompile>
    <ClCompile Include="baek15802(타노스).cpp">
      <Filter>소스 파일</Filter>
    </ClCompile>
    <ClCompile Include="baek10815%28숫자카드%29.cpp">
      <Filter>소스 파일</Filter>
    </ClCompile>
    <ClCompile Include="baek1167(트리의지름).cpp">
      <Filter>소스 파일</Filter>
    </ClCompile>
    <ClCompile Include="baek5554%28심부름가는길%29.cpp">
      <Filter>소스 파일</Filter>
    </ClCompile>
    <ClCompile Include="baek3003(킹퀸룩비숍나이트폰).cpp">
      <Filter>소스 파일</Filter>
    </ClCompile>
    <ClCompile Include="baek1967(트리의지름).cpp">
      <Filter>소스 파일</Filter>
    </ClCompile>
    <ClCompile Include="baek1991(트리순회).cpp">
      <Filter>소스 파일</Filter>
    </ClCompile>
    <ClCompile Include="baek10757(큰수A+B).cpp">
      <Filter>소스 파일</Filter>
    </ClCompile>
    <ClCompile Include="보류_baek15740%28A+B-9%29.cpp">
      <Filter>소스 파일</Filter>
    </ClCompile>
    <ClCompile Include="baek2293(동전1).cpp">
      <Filter>소스 파일</Filter>
    </ClCompile>
    <ClCompile Include="baek11727%282Xn타일링2%29.cpp">
      <Filter>소스 파일</Filter>
    </ClCompile>
    <ClCompile Include="baek11724(연결요소의개수).cpp">
      <Filter>소스 파일</Filter>
    </ClCompile>
    <ClCompile Include="소스7.cpp">
      <Filter>소스 파일</Filter>
    </ClCompile>
    <ClCompile Include="baek1504(특정한최단경로).cpp">
      <Filter>소스 파일</Filter>
    </ClCompile>
    <ClCompile Include="소스8.cpp">
      <Filter>소스 파일</Filter>
    </ClCompile>
    <ClCompile Include="baek5585(거스름돈).cpp">
      <Filter>소스 파일</Filter>
    </ClCompile>
    <ClCompile Include="소스9.cpp">
      <Filter>소스 파일</Filter>
    </ClCompile>
    <ClCompile Include="소스10.cpp">
      <Filter>소스 파일</Filter>
    </ClCompile>
    <ClCompile Include="소스11.cpp">
      <Filter>소스 파일</Filter>
    </ClCompile>
    <ClCompile Include="소스12.cpp">
      <Filter>소스 파일</Filter>
    </ClCompile>
    <ClCompile Include="소스13.cpp">
      <Filter>소스 파일</Filter>
    </ClCompile>
    <ClCompile Include="소스14.cpp">
      <Filter>소스 파일</Filter>
    </ClCompile>
    <ClCompile Include="baek1541(잃어버린괄호).cpp">
      <Filter>소스 파일</Filter>
    </ClCompile>
    <ClCompile Include="baek2573(빙산).cpp">
      <Filter>소스 파일</Filter>
    </ClCompile>
    <ClCompile Include="baek16234(인구이동).cpp">
      <Filter>소스 파일</Filter>
    </ClCompile>
    <ClCompile Include="baek1916(최소비용구하기).cpp">
      <Filter>소스 파일</Filter>
    </ClCompile>
    <ClCompile Include="baek2468(안전영역).cpp">
      <Filter>소스 파일</Filter>
    </ClCompile>
    <ClCompile Include="baek2110(공유기설치).cpp">
      <Filter>소스 파일</Filter>
    </ClCompile>
    <ClCompile Include="baek1339(단어수학).cpp">
      <Filter>소스 파일</Filter>
    </ClCompile>
    <ClCompile Include="baek1946(신입사원).cpp">
      <Filter>소스 파일</Filter>
    </ClCompile>
    <ClCompile Include="baek1744(수묶기).cpp">
      <Filter>소스 파일</Filter>
    </ClCompile>
    <ClCompile Include="baek1080(행렬).cpp">
      <Filter>소스 파일</Filter>
    </ClCompile>
    <ClCompile Include="baek15969(행복).cpp">
      <Filter>소스 파일</Filter>
    </ClCompile>
    <ClCompile Include="baek1285(동전뒤집기).cpp">
      <Filter>소스 파일</Filter>
    </ClCompile>
    <ClCompile Include="baek10539%28수빈이와수열%29.cpp">
      <Filter>소스 파일</Filter>
    </ClCompile>
    <ClCompile Include="baek12904(A와B).cpp">
      <Filter>소스 파일</Filter>
    </ClCompile>
    <ClCompile Include="baek17389(보너스점수).cpp">
      <Filter>소스 파일</Filter>
    </ClCompile>
    <ClCompile Include="실패_baek17095%28Min-MaxSubsequence%29.cpp">
      <Filter>소스 파일</Filter>
    </ClCompile>
    <ClCompile Include="소스15.cpp">
      <Filter>소스 파일</Filter>
    </ClCompile>
    <ClCompile Include="보류_baek14620%28꽃길%29.cpp">
      <Filter>소스 파일</Filter>
    </ClCompile>
    <ClCompile Include="baek18108(1998년생인내가태국에서는2541년생).cpp">
      <Filter>소스 파일</Filter>
    </ClCompile>
    <ClCompile Include="baek9466(텀프로젝트).cpp">
      <Filter>소스 파일</Filter>
    </ClCompile>
    <ClCompile Include="baek16205(변수명).cpp">
      <Filter>소스 파일</Filter>
    </ClCompile>
    <ClCompile Include="baek17293(맥주99병).cpp">
      <Filter>소스 파일</Filter>
    </ClCompile>
    <ClCompile Include="baek16165%28걸그룹마스터준석이%29.cpp">
      <Filter>소스 파일</Filter>
    </ClCompile>
    <ClCompile Include="baek1747(소수n팰린드롬).cpp">
      <Filter>소스 파일</Filter>
    </ClCompile>
    <ClCompile Include="baek1652(누울자리를찾아라).cpp">
      <Filter>소스 파일</Filter>
    </ClCompile>
    <ClCompile Include="baek2621(카드게임).cpp">
      <Filter>소스 파일</Filter>
    </ClCompile>
    <ClCompile Include="baek10026(적록색약).cpp">
      <Filter>소스 파일</Filter>
    </ClCompile>
    <ClCompile Include="보류_baek3955%28캔디분배%29.cpp">
      <Filter>소스 파일</Filter>
    </ClCompile>
    <ClCompile Include="Baek9037(Thecandywar).cpp">
      <Filter>소스 파일</Filter>
    </ClCompile>
    <ClCompile Include="baek2816(디지털티비).cpp">
      <Filter>소스 파일</Filter>
    </ClCompile>
    <ClCompile Include="baek9370(미확인도착지).cpp">
      <Filter>소스 파일</Filter>
    </ClCompile>
    <ClCompile Include="baek11404(플로이드).cpp">
      <Filter>소스 파일</Filter>
    </ClCompile>
    <ClCompile Include="baek8979(올림픽).cpp">
      <Filter>소스 파일</Filter>
    </ClCompile>
    <ClCompile Include="baek2589(보물섬).cpp">
      <Filter>소스 파일</Filter>
    </ClCompile>
    <ClCompile Include="baek2661(좋은수열).cpp">
      <Filter>소스 파일</Filter>
    </ClCompile>
    <ClCompile Include="baek2583(영역구하기).cpp">
      <Filter>소스 파일</Filter>
    </ClCompile>
    <ClCompile Include="baek15654%28N과M%285%29%29.cpp">
      <Filter>소스 파일</Filter>
    </ClCompile>
    <ClCompile Include="baek15655%28N과M%286%29%29.cpp">
      <Filter>소스 파일</Filter>
    </ClCompile>
    <ClCompile Include="baek15656(N과M(7)).cpp">
      <Filter>소스 파일</Filter>
    </ClCompile>
    <ClCompile Include="baek15657(N과M(8)).cpp">
      <Filter>소스 파일</Filter>
    </ClCompile>
    <ClCompile Include="baek15663(N과M(9)).cpp">
      <Filter>소스 파일</Filter>
    </ClCompile>
    <ClCompile Include="baek15664(N과M(10)).cpp">
      <Filter>소스 파일</Filter>
    </ClCompile>
    <ClCompile Include="baek15665(N과M(11)).cpp">
      <Filter>소스 파일</Filter>
    </ClCompile>
    <ClCompile Include="baek15666(N과M(12)).cpp">
      <Filter>소스 파일</Filter>
    </ClCompile>
    <ClCompile Include="baek1759(암호만들기).cpp">
      <Filter>소스 파일</Filter>
    </ClCompile>
    <ClCompile Include="소스16.cpp">
      <Filter>소스 파일</Filter>
    </ClCompile>
    <ClCompile Include="소스17.cpp">
      <Filter>소스 파일</Filter>
    </ClCompile>
    <ClCompile Include="소스18.cpp">
      <Filter>소스 파일</Filter>
    </ClCompile>
    <ClCompile Include="baek3079%28입국심사%29.cpp">
      <Filter>소스 파일</Filter>
    </ClCompile>
    <ClCompile Include="baek17874%28PieceofCake%29.cpp">
      <Filter>소스 파일</Filter>
    </ClCompile>
    <ClCompile Include="baek11723(집합).cpp">
      <Filter>소스 파일</Filter>
    </ClCompile>
    <ClCompile Include="baek4963(섬의개수).cpp">
      <Filter>소스 파일</Filter>
    </ClCompile>
    <ClCompile Include="baek20057(마법사상어와토네이도).cpp">
      <Filter>소스 파일</Filter>
    </ClCompile>
    <ClCompile Include="baek10972(다음순열).cpp">
      <Filter>소스 파일</Filter>
    </ClCompile>
    <ClCompile Include="baek1764(듣보잡).cpp">
      <Filter>소스 파일</Filter>
    </ClCompile>
    <ClCompile Include="baek18870(좌표압축).cpp">
      <Filter>소스 파일</Filter>
    </ClCompile>
    <ClCompile Include="baek19236(청소년상어).cpp">
      <Filter>소스 파일</Filter>
    </ClCompile>
    <ClCompile Include="baek1182(부분수열의합).cpp">
      <Filter>소스 파일</Filter>
    </ClCompile>
    <ClCompile Include="baek17144%28미세먼지안녕%29.cpp">
      <Filter>소스 파일</Filter>
    </ClCompile>
    <ClCompile Include="baek5596%28시험점수%29.cpp">
      <Filter>소스 파일</Filter>
    </ClCompile>
    <ClCompile Include="baek7562(나이트의이동).cpp">
      <Filter>소스 파일</Filter>
    </ClCompile>
    <ClCompile Include="baek17779(게리맨더링2).cpp">
      <Filter>소스 파일</Filter>
    </ClCompile>
    <ClCompile Include="programmers(조이스틱).cpp">
      <Filter>소스 파일</Filter>
    </ClCompile>
    <ClCompile Include="baek15685(드래곤커브).cpp">
      <Filter>소스 파일</Filter>
    </ClCompile>
    <ClCompile Include="보류_baek17837%28새로운게임2%29.cpp">
      <Filter>소스 파일</Filter>
    </ClCompile>
    <ClCompile Include="소스19.cpp">
      <Filter>소스 파일</Filter>
    </ClCompile>
    <ClCompile Include="baek10989(수 정렬하기 3).cpp">
      <Filter>소스 파일</Filter>
    </ClCompile>
    <ClCompile Include="baek22856%28트리순회%29.cpp">
      <Filter>소스 파일</Filter>
    </ClCompile>
    <ClCompile Include="baek10973(이전 순열).cpp">
      <Filter>소스 파일</Filter>
    </ClCompile>
    <ClCompile Include="baek13023(ABCDE).cpp">
      <Filter>소스 파일</Filter>
    </ClCompile>
  </ItemGroup>
</Project>